
Microsoft Visual Studio Solution File, Format Version 12.00
# Visual Studio Version 17
VisualStudioVersion = 17.14.36221.1 d17.14
MinimumVisualStudioVersion = 10.0.40219.1
Project("{FAE04EC0-301F-11D3-BF4B-00C04F79EFBC}") = "Imposter", "Imposter\Imposter.csproj", "{4F43A7EF-79D4-4C89-A61C-34A8FFAA2BD1}"
EndProject
Project("{FAE04EC0-301F-11D3-BF4B-00C04F79EFBC}") = "Imposter.Tests", "Imposter.Tests\Imposter.Tests.csproj", "{E83FC50D-9EAE-44F0-98C0-420A83AD924A}"
EndProject
Project("{FAE04EC0-301F-11D3-BF4B-00C04F79EFBC}") = "Imposter.CodeGenerator.Tests", "Imposter.CodeGenerator.Tests\Imposter.CodeGenerator.Tests.csproj", "{B0BB7B1E-4301-4D35-B675-C735A479D0BC}"
EndProject
Project("{FAE04EC0-301F-11D3-BF4B-00C04F79EFBC}") = "Imposter.CodeGenerator", "Imposter.CodeGenerator\Imposter.CodeGenerator.csproj", "{0361BEF2-330A-4A39-99D9-002076937F7E}"
EndProject
Project("{FAE04EC0-301F-11D3-BF4B-00C04F79EFBC}") = "Imposter.Playground", "Imposter.Playground\Imposter.Playground.csproj", "{978B70F9-414C-4327-9576-5A6AB1269BF0}"
EndProject
Global
	GlobalSection(SolutionConfigurationPlatforms) = preSolution
		Debug|Any CPU = Debug|Any CPU
		Release|Any CPU = Release|Any CPU
	EndGlobalSection
	GlobalSection(ProjectConfigurationPlatforms) = postSolution
		{4F43A7EF-79D4-4C89-A61C-34A8FFAA2BD1}.Debug|Any CPU.ActiveCfg = Debug|Any CPU
		{4F43A7EF-79D4-4C89-A61C-34A8FFAA2BD1}.Debug|Any CPU.Build.0 = Debug|Any CPU
		{4F43A7EF-79D4-4C89-A61C-34A8FFAA2BD1}.Release|Any CPU.ActiveCfg = Release|Any CPU
		{4F43A7EF-79D4-4C89-A61C-34A8FFAA2BD1}.Release|Any CPU.Build.0 = Release|Any CPU
		{E83FC50D-9EAE-44F0-98C0-420A83AD924A}.Debug|Any CPU.ActiveCfg = Debug|Any CPU
		{E83FC50D-9EAE-44F0-98C0-420A83AD924A}.Debug|Any CPU.Build.0 = Debug|Any CPU
		{E83FC50D-9EAE-44F0-98C0-420A83AD924A}.Release|Any CPU.ActiveCfg = Release|Any CPU
		{E83FC50D-9EAE-44F0-98C0-420A83AD924A}.Release|Any CPU.Build.0 = Release|Any CPU
		{B0BB7B1E-4301-4D35-B675-C735A479D0BC}.Debug|Any CPU.ActiveCfg = Debug|Any CPU
		{B0BB7B1E-4301-4D35-B675-C735A479D0BC}.Debug|Any CPU.Build.0 = Debug|Any CPU
		{B0BB7B1E-4301-4D35-B675-C735A479D0BC}.Release|Any CPU.ActiveCfg = Release|Any CPU
		{B0BB7B1E-4301-4D35-B675-C735A479D0BC}.Release|Any CPU.Build.0 = Release|Any CPU
		{0361BEF2-330A-4A39-99D9-002076937F7E}.Debug|Any CPU.ActiveCfg = Debug|Any CPU
		{0361BEF2-330A-4A39-99D9-002076937F7E}.Debug|Any CPU.Build.0 = Debug|Any CPU
		{0361BEF2-330A-4A39-99D9-002076937F7E}.Release|Any CPU.ActiveCfg = Release|Any CPU
		{0361BEF2-330A-4A39-99D9-002076937F7E}.Release|Any CPU.Build.0 = Release|Any CPU
		{978B70F9-414C-4327-9576-5A6AB1269BF0}.Debug|Any CPU.ActiveCfg = Debug|Any CPU
		{978B70F9-414C-4327-9576-5A6AB1269BF0}.Debug|Any CPU.Build.0 = Debug|Any CPU
		{978B70F9-414C-4327-9576-5A6AB1269BF0}.Release|Any CPU.ActiveCfg = Release|Any CPU
		{978B70F9-414C-4327-9576-5A6AB1269BF0}.Release|Any CPU.Build.0 = Release|Any CPU
	EndGlobalSection
	GlobalSection(SolutionProperties) = preSolution
		HideSolutionNode = FALSE
	EndGlobalSection
	GlobalSection(ExtensibilityGlobals) = postSolution
		SolutionGuid = {E5BEFB60-D130-47E1-8BD8-FD9E2CA9546D}
	EndGlobalSection
EndGlobal
